# This file is automatically generated.
# It is not intended for manual editing.
version = 1

[[packages]]
name = "seamlezz:surrealdb"
registry = "seamlezz"

[[packages.versions]]
requirement = "=0.2.0"
version = "0.2.0"
digest = "sha256:db77851120c99dd0c7e9e7d605f94a4e7cfe847a67ad92a5f0446f53832a5516"
